// !$*UTF8*$!
{
	archiveVersion = 1;
	classes = {
	};
	objectVersion = 77;
	objects = {

/* Begin PBXBuildFile section */
		21F440332F6B099700065B35 /* DESIGN.md in Resources */ = {isa = PBXBuildFile; fileRef = 21F440322F6B099500065B35 /* DESIGN.md */; };
		21F440352F6B2AC000065B35 /* PASS1.md in Resources */ = {isa = PBXBuildFile; fileRef = 21F440342F6B2AC000065B35 /* PASS1.md */; };
/* End PBXBuildFile section */

/* Begin PBXContainerItemProxy section */
		21F440162F6B05DB00065B35 /* PBXContainerItemProxy */ = {
			isa = PBXContainerItemProxy;
			containerPortal = 21F440002F6B05DB00065B35 /* Project object */;
			proxyType = 1;
			remoteGlobalIDString = 21F440072F6B05DB00065B35;
			remoteInfo = SetRepSchedule;
		};
		21F440202F6B05DB00065B35 /* PBXContainerItemProxy */ = {
			isa = PBXContainerItemProxy;
			containerPortal = 21F440002F6B05DB00065B35 /* Project object */;
			proxyType = 1;
			remoteGlobalIDString = 21F440072F6B05DB00065B35;
			remoteInfo = SetRepSchedule;
		};
/* End PBXContainerItemProxy section */

/* Begin PBXFileReference section */
		21F440082F6B05DB00065B35 /* SetRepSchedule.app */ = {isa = PBXFileReference; explicitFileType = wrapper.application; includeInIndex = 0; path = SetRepSchedule.app; sourceTree = BUILT_PRODUCTS_DIR; };
		21F440152F6B05DB00065B35 /* SetRepScheduleTests.xctest */ = {isa = PBXFileReference; explicitFileType = wrapper.cfbundle; includeInIndex = 0; path = SetRepScheduleTests.xctest; sourceTree = BUILT_PRODUCTS_DIR; };
		21F4401F2F6B05DB00065B35 /* SetRepScheduleUITests.xctest */ = {isa = PBXFileReference; explicitFileType = wrapper.cfbundle; includeInIndex = 0; path = SetRepScheduleUITests.xctest; sourceTree = BUILT_PRODUCTS_DIR; };
		21F440322F6B099500065B35 /* DESIGN.md */ = {isa = PBXFileReference; lastKnownFileType = net.daringfireball.markdown; path = DESIGN.md; sourceTree = "<group>"; };
		21F440342F6B2AC000065B35 /* PASS1.md */ = {isa = PBXFileReference; lastKnownFileType = net.daringfireball.markdown; path = PASS1.md; sourceTree = "<group>"; };
/* End PBXFileReference section */

/* Begin PBXFileSystemSynchronizedRootGroup section */
		21F4400A2F6B05DB00065B35 /* SetRepSchedule */ = {
			isa = PBXFileSystemSynchronizedRootGroup;
			path = SetRepSchedule;
			sourceTree = "<group>";
		};
		21F440182F6B05DB00065B35 /* SetRepScheduleTests */ = {
			isa = PBXFileSystemSynchronizedRootGroup;
			path = SetRepScheduleTests;
			sourceTree = "<group>";
		};
		21F440222F6B05DB00065B35 /* SetRepScheduleUITests */ = {
			isa = PBXFileSystemSynchronizedRootGroup;
			path = SetRepScheduleUITests;
			sourceTree = "<group>";
		};
/* End PBXFileSystemSynchronizedRootGroup section */

/* Begin PBXFrameworksBuildPhase section */
		21F440052F6B05DB00065B35 /* Frameworks */ = {
			isa = PBXFrameworksBuildPhase;
			buildActionMask = 2147483647;
			files = (
			);
			runOnlyForDeploymentPostprocessing = 0;
		};
		21F440122F6B05DB00065B35 /* Frameworks */ = {
			isa = PBXFrameworksBuildPhase;
			buildActionMask = 2147483647;
			files = (
			);
			runOnlyForDeploymentPostprocessing = 0;
		};
		21F4401C2F6B05DB00065B35 /* Frameworks */ = {
			isa = PBXFrameworksBuildPhase;
			buildActionMask = 2147483647;
			files = (
			);
			runOnlyForDeploymentPostprocessing = 0;
		};
/* End PBXFrameworksBuildPhase section */

/* Begin PBXGroup section */
		21F43FFF2F6B05DB00065B35 = {
			isa = PBXGroup;
			children = (
				21F440322F6B099500065B35 /* DESIGN.md */,
				21F440342F6B2AC000065B35 /* PASS1.md */,
				21F4400A2F6B05DB00065B35 /* SetRepSchedule */,
				21F440182F6B05DB00065B35 /* SetRepScheduleTests */,
				21F440222F6B05DB00065B35 /* SetRepScheduleUITests */,
				21F440092F6B05DB00065B35 /* Products */,
			);
			sourceTree = "<group>";
		};
		21F440092F6B05DB00065B35 /* Products */ = {
			isa = PBXGroup;
			children = (
				21F440082F6B05DB00065B35 /* SetRepSchedule.app */,
				21F440152F6B05DB00065B35 /* SetRepScheduleTests.xctest */,
				21F4401F2F6B05DB00065B35 /* SetRepScheduleUITests.xctest */,
			);
			name = Products;
			sourceTree = "<group>";
		};
/* End PBXGroup section */

/* Begin PBXNativeTarget section */
		21F440072F6B05DB00065B35 /* SetRepSchedule */ = {
			isa = PBXNativeTarget;
			buildConfigurationList = 21F440292F6B05DB00065B35 /* Build configuration list for PBXNativeTarget "SetRepSchedule" */;
			buildPhases = (
				21F440042F6B05DB00065B35 /* Sources */,
				21F440052F6B05DB00065B35 /* Frameworks */,
				21F440062F6B05DB00065B35 /* Resources */,
			);
			buildRules = (
			);
			dependencies = (
			);
			fileSystemSynchronizedGroups = (
				21F4400A2F6B05DB00065B35 /* SetRepSchedule */,
			);
			name = SetRepSchedule;
			packageProductDependencies = (
			);
			productName = SetRepSchedule;
			productReference = 21F440082F6B05DB00065B35 /* SetRepSchedule.app */;
			productType = "com.apple.product-type.application";
		};
		21F440142F6B05DB00065B35 /* SetRepScheduleTests */ = {
			isa = PBXNativeTarget;
			buildConfigurationList = 21F4402C2F6B05DB00065B35 /* Build configuration list for PBXNativeTarget "SetRepScheduleTests" */;
			buildPhases = (
				21F440112F6B05DB00065B35 /* Sources */,
				21F440122F6B05DB00065B35 /* Frameworks */,
				21F440132F6B05DB00065B35 /* Resources */,
			);
			buildRules = (
			);
			dependencies = (
				21F440172F6B05DB00065B35 /* PBXTargetDependency */,
			);
			fileSystemSynchronizedGroups = (
				21F440182F6B05DB00065B35 /* SetRepScheduleTests */,
			);
			name = SetRepScheduleTests;
			packageProductDependencies = (
			);
			productName = SetRepScheduleTests;
			productReference = 21F440152F6B05DB00065B35 /* SetRepScheduleTests.xctest */;
			productType = "com.apple.product-type.bundle.unit-test";
		};
		21F4401E2F6B05DB00065B35 /* SetRepScheduleUITests */ = {
			isa = PBXNativeTarget;
			buildConfigurationList = 21F4402F2F6B05DB00065B35 /* Build configuration list for PBXNativeTarget "SetRepScheduleUITests" */;
			buildPhases = (
				21F4401B2F6B05DB00065B35 /* Sources */,
				21F4401C2F6B05DB00065B35 /* Frameworks */,
				21F4401D2F6B05DB00065B35 /* Resources */,
			);
			buildRules = (
			);
			dependencies = (
				21F440212F6B05DB00065B35 /* PBXTargetDependency */,
			);
			fileSystemSynchronizedGroups = (
				21F440222F6B05DB00065B35 /* SetRepScheduleUITests */,
			);
			name = SetRepScheduleUITests;
			packageProductDependencies = (
			);
			productName = SetRepScheduleUITests;
			productReference = 21F4401F2F6B05DB00065B35 /* SetRepScheduleUITests.xctest */;
			productType = "com.apple.product-type.bundle.ui-testing";
		};
/* End PBXNativeTarget section */

/* Begin PBXProject section */
		21F440002F6B05DB00065B35 /* Project object */ = {
			isa = PBXProject;
			attributes = {
				BuildIndependentTargetsInParallel = 1;
				LastSwiftUpdateCheck = 2630;
				LastUpgradeCheck = 2630;
				TargetAttributes = {
					21F440072F6B05DB00065B35 = {
						CreatedOnToolsVersion = 26.3;
					};
					21F440142F6B05DB00065B35 = {
						CreatedOnToolsVersion = 26.3;
						TestTargetID = 21F440072F6B05DB00065B35;
					};
					21F4401E2F6B05DB00065B35 = {
						CreatedOnToolsVersion = 26.3;
						TestTargetID = 21F440072F6B05DB00065B35;
					};
				};
			};
			buildConfigurationList = 21F440032F6B05DB00065B35 /* Build configuration list for PBXProject "SetRepSchedule" */;
			developmentRegion = en;
			hasScannedForEncodings = 0;
			knownRegions = (
				en,
				Base,
			);
			mainGroup = 21F43FFF2F6B05DB00065B35;
			minimizedProjectReferenceProxies = 1;
			preferredProjectObjectVersion = 77;
			productRefGroup = 21F440092F6B05DB00065B35 /* Products */;
			projectDirPath = "";
			projectRoot = "";
			targets = (
				21F440072F6B05DB00065B35 /* SetRepSchedule */,
				21F440142F6B05DB00065B35 /* SetRepScheduleTests */,
				21F4401E2F6B05DB00065B35 /* SetRepScheduleUITests */,
			);
		};
/* End PBXProject section */

/* Begin PBXResourcesBuildPhase section */
		21F440062F6B05DB00065B35 /* Resources */ = {
			isa = PBXResourcesBuildPhase;
			buildActionMask = 2147483647;
			files = (
				21F440332F6B099700065B35 /* DESIGN.md in Resources */,
				21F440352F6B2AC000065B35 /* PASS1.md in Resources */,
			);
			runOnlyForDeploymentPostprocessing = 0;
		};
		21F440132F6B05DB00065B35 /* Resources */ = {
			isa = PBXResourcesBuildPhase;
			buildActionMask = 2147483647;
			files = (
			);
			runOnlyForDeploymentPostprocessing = 0;
		};
		21F4401D2F6B05DB00065B35 /* Resources */ = {
			isa = PBXResourcesBuildPhase;
			buildActionMask = 2147483647;
			files = (
			);
			runOnlyForDeploymentPostprocessing = 0;
		};
/* End PBXResourcesBuildPhase section */

/* Begin PBXSourcesBuildPhase section */
		21F440042F6B05DB00065B35 /* Sources */ = {
			isa = PBXSourcesBuildPhase;
			buildActionMask = 2147483647;
			files = (
			);
			runOnlyForDeploymentPostprocessing = 0;
		};
		21F440112F6B05DB00065B35 /* Sources */ = {
			isa = PBXSourcesBuildPhase;
			buildActionMask = 2147483647;
			files = (
			);
			runOnlyForDeploymentPostprocessing = 0;
		};
		21F4401B2F6B05DB00065B35 /* Sources */ = {
			isa = PBXSourcesBuildPhase;
			buildActionMask = 2147483647;
			files = (
			);
			runOnlyForDeploymentPostprocessing = 0;
		};
/* End PBXSourcesBuildPhase section */

/* Begin PBXTargetDependency section */
		21F440172F6B05DB00065B35 /* PBXTargetDependency */ = {
			isa = PBXTargetDependency;
			target = 21F440072F6B05DB00065B35 /* SetRepSchedule */;
			targetProxy = 21F440162F6B05DB00065B35 /* PBXContainerItemProxy */;
		};
		21F440212F6B05DB00065B35 /* PBXTargetDependency */ = {
			isa = PBXTargetDependency;
			target = 21F440072F6B05DB00065B35 /* SetRepSchedule */;
			targetProxy = 21F440202F6B05DB00065B35 /* PBXContainerItemProxy */;
		};
/* End PBXTargetDependency section */

/* Begin XCBuildConfiguration section */
		21F440272F6B05DB00065B35 /* Debug */ = {
			isa = XCBuildConfiguration;
			buildSettings = {
				ALWAYS_SEARCH_USER_PATHS = NO;
				ASSETCATALOG_COMPILER_GENERATE_SWIFT_ASSET_SYMBOL_EXTENSIONS = YES;
				CLANG_ANALYZER_NONNULL = YES;
				CLANG_ANALYZER_NUMBER_OBJECT_CONVERSION = YES_AGGRESSIVE;
				CLANG_CXX_LANGUAGE_STANDARD = "gnu++20";
				CLANG_ENABLE_MODULES = YES;
				CLANG_ENABLE_OBJC_ARC = YES;
				CLANG_ENABLE_OBJC_WEAK = YES;
				CLANG_WARN_BLOCK_CAPTURE_AUTORELEASING = YES;
				CLANG_WARN_BOOL_CONVERSION = YES;
				CLANG_WARN_COMMA = YES;
				CLANG_WARN_CONSTANT_CONVERSION = YES;
				CLANG_WARN_DEPRECATED_OBJC_IMPLEMENTATIONS = YES;
				CLANG_WARN_DIRECT_OBJC_ISA_USAGE = YES_ERROR;
				CLANG_WARN_DOCUMENTATION_COMMENTS = YES;
				CLANG_WARN_EMPTY_BODY = YES;
				CLANG_WARN_ENUM_CONVERSION = YES;
				CLANG_WARN_INFINITE_RECURSION = YES;
				CLANG_WARN_INT_CONVERSION = YES;
				CLANG_WARN_NON_LITERAL_NULL_CONVERSION = YES;
				CLANG_WARN_OBJC_IMPLICIT_RETAIN_SELF = YES;
				CLANG_WARN_OBJC_LITERAL_CONVERSION = YES;
				CLANG_WARN_OBJC_ROOT_CLASS = YES_ERROR;
				CLANG_WARN_QUOTED_INCLUDE_IN_FRAMEWORK_HEADER = YES;
				CLANG_WARN_RANGE_LOOP_ANALYSIS = YES;
				CLANG_WARN_STRICT_PROTOTYPES = YES;
				CLANG_WARN_SUSPICIOUS_MOVE = YES;
				CLANG_WARN_UNGUARDED_AVAILABILITY = YES_AGGRESSIVE;
				CLANG_WARN_UNREACHABLE_CODE = YES;
				CLANG_WARN__DUPLICATE_METHOD_MATCH = YES;
				COPY_PHASE_STRIP = NO;
				DEBUG_INFORMATION_FORMAT = dwarf;
				DEVELOPMENT_TEAM = FYBZ352JMQ;
				ENABLE_STRICT_OBJC_MSGSEND = YES;
				ENABLE_TESTABILITY = YES;
				ENABLE_USER_SCRIPT_SANDBOXING = YES;
				GCC_C_LANGUAGE_STANDARD = gnu17;
				GCC_DYNAMIC_NO_PIC = NO;
				GCC_NO_COMMON_BLOCKS = YES;
				GCC_OPTIMIZATION_LEVEL = 0;
				GCC_PREPROCESSOR_DEFINITIONS = (
					"DEBUG=1",
					"$(inherited)",
				);
				GCC_WARN_64_TO_32_BIT_CONVERSION = YES;
				GCC_WARN_ABOUT_RETURN_TYPE = YES_ERROR;
				GCC_WARN_UNDECLARED_SELECTOR = YES;
				GCC_WARN_UNINITIALIZED_AUTOS = YES_AGGRESSIVE;
				GCC_WARN_UNUSED_FUNCTION = YES;
				GCC_WARN_UNUSED_VARIABLE = YES;
				IPHONEOS_DEPLOYMENT_TARGET = 26.2;
				LOCALIZATION_PREFERS_STRING_CATALOGS = YES;
				MTL_ENABLE_DEBUG_INFO = INCLUDE_SOURCE;
				MTL_FAST_MATH = YES;
				ONLY_ACTIVE_ARCH = YES;
				SDKROOT = iphoneos;
				SWIFT_ACTIVE_COMPILATION_CONDITIONS = "DEBUG $(inherited)";
				SWIFT_OPTIMIZATION_LEVEL = "-Onone";
			};
			name = Debug;
		};
		21F440282F6B05DB00065B35 /* Release */ = {
			isa = XCBuildConfiguration;
			buildSettings = {
				ALWAYS_SEARCH_USER_PATHS = NO;
				ASSETCATALOG_COMPILER_GENERATE_SWIFT_ASSET_SYMBOL_EXTENSIONS = YES;
				CLANG_ANALYZER_NONNULL = YES;
				CLANG_ANALYZER_NUMBER_OBJECT_CONVERSION = YES_AGGRESSIVE;
				CLANG_CXX_LANGUAGE_STANDARD = "gnu++20";
				CLANG_ENABLE_MODULES = YES;
				CLANG_ENABLE_OBJC_ARC = YES;
				CLANG_ENABLE_OBJC_WEAK = YES;
				CLANG_WARN_BLOCK_CAPTURE_AUTORELEASING = YES;
				CLANG_WARN_BOOL_CONVERSION = YES;
				CLANG_WARN_COMMA = YES;
				CLANG_WARN_CONSTANT_CONVERSION = YES;
				CLANG_WARN_DEPRECATED_OBJC_IMPLEMENTATIONS = YES;
				CLANG_WARN_DIRECT_OBJC_ISA_USAGE = YES_ERROR;
				CLANG_WARN_DOCUMENTATION_COMMENTS = YES;
				CLANG_WARN_EMPTY_BODY = YES;
				CLANG_WARN_ENUM_CONVERSION = YES;
				CLANG_WARN_INFINITE_RECURSION = YES;
				CLANG_WARN_INT_CONVERSION = YES;
				CLANG_WARN_NON_LITERAL_NULL_CONVERSION = YES;
				CLANG_WARN_OBJC_IMPLICIT_RETAIN_SELF = YES;
				CLANG_WARN_OBJC_LITERAL_CONVERSION = YES;
				CLANG_WARN_OBJC_ROOT_CLASS = YES_ERROR;
				CLANG_WARN_QUOTED_INCLUDE_IN_FRAMEWORK_HEADER = YES;
				CLANG_WARN_RANGE_LOOP_ANALYSIS = YES;
				CLANG_WARN_STRICT_PROTOTYPES = YES;
				CLANG_WARN_SUSPICIOUS_MOVE = YES;
				CLANG_WARN_UNGUARDED_AVAILABILITY = YES_AGGRESSIVE;
				CLANG_WARN_UNREACHABLE_CODE = YES;
				CLANG_WARN__DUPLICATE_METHOD_MATCH = YES;
				COPY_PHASE_STRIP = NO;
				DEBUG_INFORMATION_FORMAT = "dwarf-with-dsym";
				DEVELOPMENT_TEAM = FYBZ352JMQ;
				ENABLE_NS_ASSERTIONS = NO;
				ENABLE_STRICT_OBJC_MSGSEND = YES;
				ENABLE_USER_SCRIPT_SANDBOXING = YES;
				GCC_C_LANGUAGE_STANDARD = gnu17;
				GCC_NO_COMMON_BLOCKS = YES;
				GCC_WARN_64_TO_32_BIT_CONVERSION = YES;
				GCC_WARN_ABOUT_RETURN_TYPE = YES_ERROR;
				GCC_WARN_UNDECLARED_SELECTOR = YES;
				GCC_WARN_UNINITIALIZED_AUTOS = YES_AGGRESSIVE;
				GCC_WARN_UNUSED_FUNCTION = YES;
				GCC_WARN_UNUSED_VARIABLE = YES;
				IPHONEOS_DEPLOYMENT_TARGET = 26.2;
				LOCALIZATION_PREFERS_STRING_CATALOGS = YES;
				MTL_ENABLE_DEBUG_INFO = NO;
				MTL_FAST_MATH = YES;
				SDKROOT = iphoneos;
				SWIFT_COMPILATION_MODE = wholemodule;
				VALIDATE_PRODUCT = YES;
			};
			name = Release;
		};
		21F4402A2F6B05DB00065B35 /* Debug */ = {
			isa = XCBuildConfiguration;
			buildSettings = {
				ASSETCATALOG_COMPILER_APPICON_NAME = AppIcon;
				ASSETCATALOG_COMPILER_GLOBAL_ACCENT_COLOR_NAME = AccentColor;
				CODE_SIGN_STYLE = Automatic;
				CURRENT_PROJECT_VERSION = 1;
				DEVELOPMENT_TEAM = FYBZ352JMQ;
				ENABLE_PREVIEWS = YES;
				GENERATE_INFOPLIST_FILE = YES;
				INFOPLIST_KEY_NSCameraUsageDescription = "$(PRODUCT_NAME) allows you to attach pictures to remind you of what an exercise is.";
				INFOPLIST_KEY_UIApplicationSceneManifest_Generation = YES;
				INFOPLIST_KEY_UIApplicationSupportsIndirectInputEvents = YES;
				INFOPLIST_KEY_UILaunchScreen_Generation = YES;
				INFOPLIST_KEY_UISupportedInterfaceOrientations = UIInterfaceOrientationPortrait;
				INFOPLIST_KEY_UISupportedInterfaceOrientations_iPad = "UIInterfaceOrientationLandscapeLeft UIInterfaceOrientationLandscapeRight UIInterfaceOrientationPortrait UIInterfaceOrientationPortraitUpsideDown";
				LD_RUNPATH_SEARCH_PATHS = (
					"$(inherited)",
					"@executable_path/Frameworks",
				);
				MARKETING_VERSION = 1.0;
				PRODUCT_BUNDLE_IDENTIFIER = set.rep.schedule;
				PRODUCT_NAME = "$(TARGET_NAME)";
				STRING_CATALOG_GENERATE_SYMBOLS = YES;
				SUPPORTED_PLATFORMS = "iphoneos iphonesimulator";
				SUPPORTS_MACCATALYST = NO;
				SUPPORTS_XR_DESIGNED_FOR_IPHONE_IPAD = NO;
				SWIFT_APPROACHABLE_CONCURRENCY = YES;
				SWIFT_DEFAULT_ACTOR_ISOLATION = MainActor;
				SWIFT_EMIT_LOC_STRINGS = YES;
				SWIFT_UPCOMING_FEATURE_MEMBER_IMPORT_VISIBILITY = YES;
				SWIFT_VERSION = 5.0;
				TARGETED_DEVICE_FAMILY = 1;
			};
			name = Debug;
		};
		21F4402B2F6B05DB00065B35 /* Release */ = {
			isa = XCBuildConfiguration;
			buildSettings = {
				ASSETCATALOG_COMPILER_APPICON_NAME = AppIcon;
				ASSETCATALOG_COMPILER_GLOBAL_ACCENT_COLOR_NAME = AccentColor;
				CODE_SIGN_STYLE = Automatic;
				CURRENT_PROJECT_VERSION = 1;
				DEVELOPMENT_TEAM = FYBZ352JMQ;
				ENABLE_PREVIEWS = YES;
				GENERATE_INFOPLIST_FILE = YES;
				INFOPLIST_KEY_NSCameraUsageDescription = "$(PRODUCT_NAME) allows you to attach pictures to remind you of what an exercise is.";
				INFOPLIST_KEY_UIApplicationSceneManifest_Generation = YES;
				INFOPLIST_KEY_UIApplicationSupportsIndirectInputEvents = YES;
				INFOPLIST_KEY_UILaunchScreen_Generation = YES;
				INFOPLIST_KEY_UISupportedInterfaceOrientations = UIInterfaceOrientationPortrait;
				INFOPLIST_KEY_UISupportedInterfaceOrientations_iPad = "UIInterfaceOrientationLandscapeLeft UIInterfaceOrientationLandscapeRight UIInterfaceOrientationPortrait UIInterfaceOrientationPortraitUpsideDown";
				LD_RUNPATH_SEARCH_PATHS = (
					"$(inherited)",
					"@executable_path/Frameworks",
				);
				MARKETING_VERSION = 1.0;
				PRODUCT_BUNDLE_IDENTIFIER = set.rep.schedule;
				PRODUCT_NAME = "$(TARGET_NAME)";
				STRING_CATALOG_GENERATE_SYMBOLS = YES;
				SUPPORTED_PLATFORMS = "iphoneos iphonesimulator";
				SUPPORTS_MACCATALYST = NO;
				SUPPORTS_XR_DESIGNED_FOR_IPHONE_IPAD = NO;
				SWIFT_APPROACHABLE_CONCURRENCY = YES;
				SWIFT_DEFAULT_ACTOR_ISOLATION = MainActor;
				SWIFT_EMIT_LOC_STRINGS = YES;
				SWIFT_UPCOMING_FEATURE_MEMBER_IMPORT_VISIBILITY = YES;
				SWIFT_VERSION = 5.0;
				TARGETED_DEVICE_FAMILY = 1;
			};
			name = Release;
		};
		21F4402D2F6B05DB00065B35 /* Debug */ = {
			isa = XCBuildConfiguration;
			buildSettings = {
				BUNDLE_LOADER = "$(TEST_HOST)";
				CODE_SIGN_STYLE = Automatic;
				CURRENT_PROJECT_VERSION = 1;
				DEVELOPMENT_TEAM = FYBZ352JMQ;
				GENERATE_INFOPLIST_FILE = YES;
				IPHONEOS_DEPLOYMENT_TARGET = 26.2;
				MARKETING_VERSION = 1.0;
				PRODUCT_BUNDLE_IDENTIFIER = set.rep.schedule.SetRepScheduleTests;
				PRODUCT_NAME = "$(TARGET_NAME)";
				STRING_CATALOG_GENERATE_SYMBOLS = NO;
				SWIFT_APPROACHABLE_CONCURRENCY = YES;
				SWIFT_EMIT_LOC_STRINGS = NO;
				SWIFT_UPCOMING_FEATURE_MEMBER_IMPORT_VISIBILITY = YES;
				SWIFT_VERSION = 5.0;
				TARGETED_DEVICE_FAMILY = "1,2";
				TEST_HOST = "$(BUILT_PRODUCTS_DIR)/SetRepSchedule.app/$(BUNDLE_EXECUTABLE_FOLDER_PATH)/SetRepSchedule";
			};
			name = Debug;
		};
		21F4402E2F6B05DB00065B35 /* Release */ = {
			isa = XCBuildConfiguration;
			buildSettings = {
				BUNDLE_LOADER = "$(TEST_HOST)";
				CODE_SIGN_STYLE = Automatic;
				CURRENT_PROJECT_VERSION = 1;
				DEVELOPMENT_TEAM = FYBZ352JMQ;
				GENERATE_INFOPLIST_FILE = YES;
				IPHONEOS_DEPLOYMENT_TARGET = 26.2;
				MARKETING_VERSION = 1.0;
				PRODUCT_BUNDLE_IDENTIFIER = set.rep.schedule.SetRepScheduleTests;
				PRODUCT_NAME = "$(TARGET_NAME)";
				STRING_CATALOG_GENERATE_SYMBOLS = NO;
				SWIFT_APPROACHABLE_CONCURRENCY = YES;
				SWIFT_EMIT_LOC_STRINGS = NO;
				SWIFT_UPCOMING_FEATURE_MEMBER_IMPORT_VISIBILITY = YES;
				SWIFT_VERSION = 5.0;
				TARGETED_DEVICE_FAMILY = "1,2";
				TEST_HOST = "$(BUILT_PRODUCTS_DIR)/SetRepSchedule.app/$(BUNDLE_EXECUTABLE_FOLDER_PATH)/SetRepSchedule";
			};
			name = Release;
		};
		21F440302F6B05DB00065B35 /* Debug */ = {
			isa = XCBuildConfiguration;
			buildSettings = {
				CODE_SIGN_STYLE = Automatic;
				CURRENT_PROJECT_VERSION = 1;
				DEVELOPMENT_TEAM = FYBZ352JMQ;
				GENERATE_INFOPLIST_FILE = YES;
				MARKETING_VERSION = 1.0;
				PRODUCT_BUNDLE_IDENTIFIER = set.rep.schedule.SetRepScheduleUITests;
				PRODUCT_NAME = "$(TARGET_NAME)";
				STRING_CATALOG_GENERATE_SYMBOLS = NO;
				SWIFT_APPROACHABLE_CONCURRENCY = YES;
				SWIFT_EMIT_LOC_STRINGS = NO;
				SWIFT_UPCOMING_FEATURE_MEMBER_IMPORT_VISIBILITY = YES;
				SWIFT_VERSION = 5.0;
				TARGETED_DEVICE_FAMILY = "1,2";
				TEST_TARGET_NAME = SetRepSchedule;
			};
			name = Debug;
		};
		21F440312F6B05DB00065B35 /* Release */ = {
			isa = XCBuildConfiguration;
			buildSettings = {
				CODE_SIGN_STYLE = Automatic;
				CURRENT_PROJECT_VERSION = 1;
				DEVELOPMENT_TEAM = FYBZ352JMQ;
				GENERATE_INFOPLIST_FILE = YES;
				MARKETING_VERSION = 1.0;
				PRODUCT_BUNDLE_IDENTIFIER = set.rep.schedule.SetRepScheduleUITests;
				PRODUCT_NAME = "$(TARGET_NAME)";
				STRING_CATALOG_GENERATE_SYMBOLS = NO;
				SWIFT_APPROACHABLE_CONCURRENCY = YES;
				SWIFT_EMIT_LOC_STRINGS = NO;
				SWIFT_UPCOMING_FEATURE_MEMBER_IMPORT_VISIBILITY = YES;
				SWIFT_VERSION = 5.0;
				TARGETED_DEVICE_FAMILY = "1,2";
				TEST_TARGET_NAME = SetRepSchedule;
			};
			name = Release;
		};
/* End XCBuildConfiguration section */

/* Begin XCConfigurationList section */
		21F440032F6B05DB00065B35 /* Build configuration list for PBXProject "SetRepSchedule" */ = {
			isa = XCConfigurationList;
			buildConfigurations = (
				21F440272F6B05DB00065B35 /* Debug */,
				21F440282F6B05DB00065B35 /* Release */,
			);
			defaultConfigurationIsVisible = 0;
			defaultConfigurationName = Release;
		};
		21F440292F6B05DB00065B35 /* Build configuration list for PBXNativeTarget "SetRepSchedule" */ = {
			isa = XCConfigurationList;
			buildConfigurations = (
				21F4402A2F6B05DB00065B35 /* Debug */,
				21F4402B2F6B05DB00065B35 /* Release */,
			);
			defaultConfigurationIsVisible = 0;
			defaultConfigurationName = Release;
		};
		21F4402C2F6B05DB00065B35 /* Build configuration list for PBXNativeTarget "SetRepScheduleTests" */ = {
			isa = XCConfigurationList;
			buildConfigurations = (
				21F4402D2F6B05DB00065B35 /* Debug */,
				21F4402E2F6B05DB00065B35 /* Release */,
			);
			defaultConfigurationIsVisible = 0;
			defaultConfigurationName = Release;
		};
		21F4402F2F6B05DB00065B35 /* Build configuration list for PBXNativeTarget "SetRepScheduleUITests" */ = {
			isa = XCConfigurationList;
			buildConfigurations = (
				21F440302F6B05DB00065B35 /* Debug */,
				21F440312F6B05DB00065B35 /* Release */,
			);
			defaultConfigurationIsVisible = 0;
			defaultConfigurationName = Release;
		};
/* End XCConfigurationList section */
	};
	rootObject = 21F440002F6B05DB00065B35 /* Project object */;
}
